
Microsoft Visual Studio Solution File, Format Version 12.00
# Visual Studio Version 17
VisualStudioVersion = 17.9.34728.123
MinimumVisualStudioVersion = 10.0.40219.1
Project("{FAE04EC0-301F-11D3-BF4B-00C04F79EFBC}") = "Phoneword", "Phoneword\Phoneword.csproj", "{D7115B33-F7D4-4D8C-B338-ADCBAECBC037}"
EndProject
Global
	GlobalSection(SolutionConfigurationPlatforms) = preSolution
		Debug|Any CPU = Debug|Any CPU
		Release|Any CPU = Release|Any CPU
	EndGlobalSection
	GlobalSection(ProjectConfigurationPlatforms) = postSolution
		{D7115B33-F7D4-4D8C-B338-ADCBAECBC037}.Debug|Any CPU.ActiveCfg = Debug|Any CPU
		{D7115B33-F7D4-4D8C-B338-ADCBAECBC037}.Debug|Any CPU.Build.0 = Debug|Any CPU
		{D7115B33-F7D4-4D8C-B338-ADCBAECBC037}.Debug|Any CPU.Deploy.0 = Debug|Any CPU
		{D7115B33-F7D4-4D8C-B338-ADCBAECBC037}.Release|Any CPU.ActiveCfg = Release|Any CPU
		{D7115B33-F7D4-4D8C-B338-ADCBAECBC037}.Release|Any CPU.Build.0 = Release|Any CPU
		{D7115B33-F7D4-4D8C-B338-ADCBAECBC037}.Release|Any CPU.Deploy.0 = Release|Any CPU
	EndGlobalSection
	GlobalSection(SolutionProperties) = preSolution
		HideSolutionNode = FALSE
	EndGlobalSection
	GlobalSection(ExtensibilityGlobals) = postSolution
		SolutionGuid = {772B5D6C-5A09-4DD2-9055-04D7539D1A71}
	EndGlobalSection
EndGlobal
